
Microsoft Visual Studio Solution File, Format Version 12.00
# Visual Studio 15
VisualStudioVersion = 15.0.28307.1062
MinimumVisualStudioVersion = 10.0.40219.1
Project("{FAE04EC0-301F-11D3-BF4B-00C04F79EFBC}") = "cinema", "cinema\cinema.csproj", "{DB751224-D717-44D4-87A7-86D24D37D75E}"
EndProject
Global
	GlobalSection(SolutionConfigurationPlatforms) = preSolution
		Debug|Any CPU = Debug|Any CPU
		Release|Any CPU = Release|Any CPU
	EndGlobalSection
	GlobalSection(ProjectConfigurationPlatforms) = postSolution
		{DB751224-D717-44D4-87A7-86D24D37D75E}.Debug|Any CPU.ActiveCfg = Debug|Any CPU
		{DB751224-D717-44D4-87A7-86D24D37D75E}.Debug|Any CPU.Build.0 = Debug|Any CPU
		{DB751224-D717-44D4-87A7-86D24D37D75E}.Release|Any CPU.ActiveCfg = Release|Any CPU
		{DB751224-D717-44D4-87A7-86D24D37D75E}.Release|Any CPU.Build.0 = Release|Any CPU
	EndGlobalSection
	GlobalSection(SolutionProperties) = preSolution
		HideSolutionNode = FALSE
	EndGlobalSection
	GlobalSection(ExtensibilityGlobals) = postSolution
		SolutionGuid = {31B40EE5-C96F-40BA-867E-CE3A12F1477A}
	EndGlobalSection
EndGlobal
